
Microsoft Visual Studio Solution File, Format Version 11.00
# Visual Studio 2010
Project("{FAE04EC0-301F-11D3-BF4B-00C04F79EFBC}") = "CodeHelper", "CodeHelper\CodeHelper\CodeHelper.csproj", "{0AA31E9A-669E-40C4-A144-91CBD6B9FB12}"
EndProject
Project("{FAE04EC0-301F-11D3-BF4B-00C04F79EFBC}") = "CodeHelper.AssembleLayer", "CodeHelper\CodeHelper.AssembleLayer\CodeHelper.AssembleLayer.csproj", "{3A8BD873-E648-40EE-A5B9-A840876CB262}"
EndProject
Project("{FAE04EC0-301F-11D3-BF4B-00C04F79EFBC}") = "CodeHelper.Commands", "CodeHelper\CodeHelper.Commands\CodeHelper.Commands.csproj", "{78A7C237-0077-484D-8D67-128936BF23EA}"
EndProject
Project("{FAE04EC0-301F-11D3-BF4B-00C04F79EFBC}") = "CodeHelper.Common", "CodeHelper\CodeHelper.Common\CodeHelper.Common.csproj", "{29F95DE0-C821-498A-883A-7CB123B696CC}"
EndProject
Project("{FAE04EC0-301F-11D3-BF4B-00C04F79EFBC}") = "CodeHelper.Domain.Controller", "CodeHelper\CodeHelper.Domain.Controller\CodeHelper.Domain.Controller.csproj", "{E8EA832E-4252-4836-B9D0-F13C95534E6A}"
EndProject
Project("{FAE04EC0-301F-11D3-BF4B-00C04F79EFBC}") = "CodeHelper.Domain.Model", "CodeHelper\CodeHelper.Domain.Model\CodeHelper.Domain.Model.csproj", "{D330BE74-E61D-402A-A043-754621439EED}"
EndProject
Project("{FAE04EC0-301F-11D3-BF4B-00C04F79EFBC}") = "CodeHelper.Editors", "CodeHelper\CodeHelper.Editors\CodeHelper.Editors.csproj", "{E8A4476B-F34E-4F50-B405-B1F472EA592A}"
EndProject
Project("{FAE04EC0-301F-11D3-BF4B-00C04F79EFBC}") = "CodeHelper.Parser", "CodeHelper\CodeHelper.Parser\CodeHelper.Parser.csproj", "{4CA0BF24-8318-45C0-A47A-0885BB6F74B0}"
EndProject
Project("{FAE04EC0-301F-11D3-BF4B-00C04F79EFBC}") = "CodeHelper.Persistence", "CodeHelper\CodeHelper.Persistence\CodeHelper.Persistence.csproj", "{22F158C2-4442-4456-BBC5-0FFE52DDC355}"
EndProject
Project("{FAE04EC0-301F-11D3-BF4B-00C04F79EFBC}") = "CodeHelper.Core", "CodeHelper\CodeHelper.Core\CodeHelper.Core.csproj", "{13A28FA1-1FAD-44AD-B27B-907206072C7D}"
EndProject
Project("{FAE04EC0-301F-11D3-BF4B-00C04F79EFBC}") = "CodeHelper.Xml", "CodeHelper\CodeHelper.Xml\CodeHelper.Xml.csproj", "{49EF1BD4-29B8-420D-8ABD-8B530FBCCD72}"
EndProject
Project("{FAE04EC0-301F-11D3-BF4B-00C04F79EFBC}") = "ICSharpCode.TextEditor", "CodeHelper\ICSharpCode.TextEditor-master\Project\ICSharpCode.TextEditor.csproj", "{E1BA3418-B337-45CE-8940-4C7262B39359}"
EndProject
Global
	GlobalSection(SolutionConfigurationPlatforms) = preSolution
		Debug|Any CPU = Debug|Any CPU
		Debug|Mixed Platforms = Debug|Mixed Platforms
		Debug|x86 = Debug|x86
		Release|Any CPU = Release|Any CPU
		Release|Mixed Platforms = Release|Mixed Platforms
		Release|x86 = Release|x86
		TestWF|Any CPU = TestWF|Any CPU
		TestWF|Mixed Platforms = TestWF|Mixed Platforms
		TestWF|x86 = TestWF|x86
	EndGlobalSection
	GlobalSection(ProjectConfigurationPlatforms) = postSolution
		{0AA31E9A-669E-40C4-A144-91CBD6B9FB12}.Debug|Any CPU.ActiveCfg = Debug|x86
		{0AA31E9A-669E-40C4-A144-91CBD6B9FB12}.Debug|Mixed Platforms.ActiveCfg = Debug|Any CPU
		{0AA31E9A-669E-40C4-A144-91CBD6B9FB12}.Debug|Mixed Platforms.Build.0 = Debug|Any CPU
		{0AA31E9A-669E-40C4-A144-91CBD6B9FB12}.Debug|x86.ActiveCfg = Debug|x86
		{0AA31E9A-669E-40C4-A144-91CBD6B9FB12}.Debug|x86.Build.0 = Debug|x86
		{0AA31E9A-669E-40C4-A144-91CBD6B9FB12}.Release|Any CPU.ActiveCfg = Release|x86
		{0AA31E9A-669E-40C4-A144-91CBD6B9FB12}.Release|Mixed Platforms.ActiveCfg = Release|x86
		{0AA31E9A-669E-40C4-A144-91CBD6B9FB12}.Release|Mixed Platforms.Build.0 = Release|x86
		{0AA31E9A-669E-40C4-A144-91CBD6B9FB12}.Release|x86.ActiveCfg = Release|x86
		{0AA31E9A-669E-40C4-A144-91CBD6B9FB12}.Release|x86.Build.0 = Release|x86
		{0AA31E9A-669E-40C4-A144-91CBD6B9FB12}.TestWF|Any CPU.ActiveCfg = Release|x86
		{0AA31E9A-669E-40C4-A144-91CBD6B9FB12}.TestWF|Mixed Platforms.ActiveCfg = Release|x86
		{0AA31E9A-669E-40C4-A144-91CBD6B9FB12}.TestWF|Mixed Platforms.Build.0 = Release|x86
		{0AA31E9A-669E-40C4-A144-91CBD6B9FB12}.TestWF|x86.ActiveCfg = Release|x86
		{0AA31E9A-669E-40C4-A144-91CBD6B9FB12}.TestWF|x86.Build.0 = Release|x86
		{3A8BD873-E648-40EE-A5B9-A840876CB262}.Debug|Any CPU.ActiveCfg = Debug|Any CPU
		{3A8BD873-E648-40EE-A5B9-A840876CB262}.Debug|Any CPU.Build.0 = Debug|Any CPU
		{3A8BD873-E648-40EE-A5B9-A840876CB262}.Debug|Mixed Platforms.ActiveCfg = Debug|Any CPU
		{3A8BD873-E648-40EE-A5B9-A840876CB262}.Debug|Mixed Platforms.Build.0 = Debug|Any CPU
		{3A8BD873-E648-40EE-A5B9-A840876CB262}.Debug|x86.ActiveCfg = Debug|Any CPU
		{3A8BD873-E648-40EE-A5B9-A840876CB262}.Release|Any CPU.ActiveCfg = Release|Any CPU
		{3A8BD873-E648-40EE-A5B9-A840876CB262}.Release|Any CPU.Build.0 = Release|Any CPU
		{3A8BD873-E648-40EE-A5B9-A840876CB262}.Release|Mixed Platforms.ActiveCfg = Release|Any CPU
		{3A8BD873-E648-40EE-A5B9-A840876CB262}.Release|Mixed Platforms.Build.0 = Release|Any CPU
		{3A8BD873-E648-40EE-A5B9-A840876CB262}.Release|x86.ActiveCfg = Release|Any CPU
		{3A8BD873-E648-40EE-A5B9-A840876CB262}.TestWF|Any CPU.ActiveCfg = Release|Any CPU
		{3A8BD873-E648-40EE-A5B9-A840876CB262}.TestWF|Any CPU.Build.0 = Release|Any CPU
		{3A8BD873-E648-40EE-A5B9-A840876CB262}.TestWF|Mixed Platforms.ActiveCfg = Release|Any CPU
		{3A8BD873-E648-40EE-A5B9-A840876CB262}.TestWF|Mixed Platforms.Build.0 = Release|Any CPU
		{3A8BD873-E648-40EE-A5B9-A840876CB262}.TestWF|x86.ActiveCfg = Release|Any CPU
		{78A7C237-0077-484D-8D67-128936BF23EA}.Debug|Any CPU.ActiveCfg = Debug|Any CPU
		{78A7C237-0077-484D-8D67-128936BF23EA}.Debug|Any CPU.Build.0 = Debug|Any CPU
		{78A7C237-0077-484D-8D67-128936BF23EA}.Debug|Mixed Platforms.ActiveCfg = Debug|Any CPU
		{78A7C237-0077-484D-8D67-128936BF23EA}.Debug|Mixed Platforms.Build.0 = Debug|Any CPU
		{78A7C237-0077-484D-8D67-128936BF23EA}.Debug|x86.ActiveCfg = Debug|Any CPU
		{78A7C237-0077-484D-8D67-128936BF23EA}.Release|Any CPU.ActiveCfg = Release|Any CPU
		{78A7C237-0077-484D-8D67-128936BF23EA}.Release|Any CPU.Build.0 = Release|Any CPU
		{78A7C237-0077-484D-8D67-128936BF23EA}.Release|Mixed Platforms.ActiveCfg = Release|Any CPU
		{78A7C237-0077-484D-8D67-128936BF23EA}.Release|Mixed Platforms.Build.0 = Release|Any CPU
		{78A7C237-0077-484D-8D67-128936BF23EA}.Release|x86.ActiveCfg = Release|Any CPU
		{78A7C237-0077-484D-8D67-128936BF23EA}.TestWF|Any CPU.ActiveCfg = Release|Any CPU
		{78A7C237-0077-484D-8D67-128936BF23EA}.TestWF|Any CPU.Build.0 = Release|Any CPU
		{78A7C237-0077-484D-8D67-128936BF23EA}.TestWF|Mixed Platforms.ActiveCfg = Release|Any CPU
		{78A7C237-0077-484D-8D67-128936BF23EA}.TestWF|Mixed Platforms.Build.0 = Release|Any CPU
		{78A7C237-0077-484D-8D67-128936BF23EA}.TestWF|x86.ActiveCfg = Release|Any CPU
		{29F95DE0-C821-498A-883A-7CB123B696CC}.Debug|Any CPU.ActiveCfg = Debug|Any CPU
		{29F95DE0-C821-498A-883A-7CB123B696CC}.Debug|Any CPU.Build.0 = Debug|Any CPU
		{29F95DE0-C821-498A-883A-7CB123B696CC}.Debug|Mixed Platforms.ActiveCfg = Debug|Any CPU
		{29F95DE0-C821-498A-883A-7CB123B696CC}.Debug|Mixed Platforms.Build.0 = Debug|Any CPU
		{29F95DE0-C821-498A-883A-7CB123B696CC}.Debug|x86.ActiveCfg = Debug|Any CPU
		{29F95DE0-C821-498A-883A-7CB123B696CC}.Release|Any CPU.ActiveCfg = Release|Any CPU
		{29F95DE0-C821-498A-883A-7CB123B696CC}.Release|Any CPU.Build.0 = Release|Any CPU
		{29F95DE0-C821-498A-883A-7CB123B696CC}.Release|Mixed Platforms.ActiveCfg = Release|Any CPU
		{29F95DE0-C821-498A-883A-7CB123B696CC}.Release|Mixed Platforms.Build.0 = Release|Any CPU
		{29F95DE0-C821-498A-883A-7CB123B696CC}.Release|x86.ActiveCfg = Release|Any CPU
		{29F95DE0-C821-498A-883A-7CB123B696CC}.TestWF|Any CPU.ActiveCfg = Release|Any CPU
		{29F95DE0-C821-498A-883A-7CB123B696CC}.TestWF|Any CPU.Build.0 = Release|Any CPU
		{29F95DE0-C821-498A-883A-7CB123B696CC}.TestWF|Mixed Platforms.ActiveCfg = Release|Any CPU
		{29F95DE0-C821-498A-883A-7CB123B696CC}.TestWF|Mixed Platforms.Build.0 = Release|Any CPU
		{29F95DE0-C821-498A-883A-7CB123B696CC}.TestWF|x86.ActiveCfg = Release|Any CPU
		{E8EA832E-4252-4836-B9D0-F13C95534E6A}.Debug|Any CPU.ActiveCfg = Debug|x86
		{E8EA832E-4252-4836-B9D0-F13C95534E6A}.Debug|Mixed Platforms.ActiveCfg = Debug|Any CPU
		{E8EA832E-4252-4836-B9D0-F13C95534E6A}.Debug|Mixed Platforms.Build.0 = Debug|Any CPU
		{E8EA832E-4252-4836-B9D0-F13C95534E6A}.Debug|x86.ActiveCfg = Debug|x86
		{E8EA832E-4252-4836-B9D0-F13C95534E6A}.Debug|x86.Build.0 = Debug|x86
		{E8EA832E-4252-4836-B9D0-F13C95534E6A}.Release|Any CPU.ActiveCfg = Release|x86
		{E8EA832E-4252-4836-B9D0-F13C95534E6A}.Release|Mixed Platforms.ActiveCfg = Release|x86
		{E8EA832E-4252-4836-B9D0-F13C95534E6A}.Release|Mixed Platforms.Build.0 = Release|x86
		{E8EA832E-4252-4836-B9D0-F13C95534E6A}.Release|x86.ActiveCfg = Release|x86
		{E8EA832E-4252-4836-B9D0-F13C95534E6A}.Release|x86.Build.0 = Release|x86
		{E8EA832E-4252-4836-B9D0-F13C95534E6A}.TestWF|Any CPU.ActiveCfg = Release|x86
		{E8EA832E-4252-4836-B9D0-F13C95534E6A}.TestWF|Mixed Platforms.ActiveCfg = Release|x86
		{E8EA832E-4252-4836-B9D0-F13C95534E6A}.TestWF|Mixed Platforms.Build.0 = Release|x86
		{E8EA832E-4252-4836-B9D0-F13C95534E6A}.TestWF|x86.ActiveCfg = Release|x86
		{E8EA832E-4252-4836-B9D0-F13C95534E6A}.TestWF|x86.Build.0 = Release|x86
		{D330BE74-E61D-402A-A043-754621439EED}.Debug|Any CPU.ActiveCfg = Debug|Any CPU
		{D330BE74-E61D-402A-A043-754621439EED}.Debug|Any CPU.Build.0 = Debug|Any CPU
		{D330BE74-E61D-402A-A043-754621439EED}.Debug|Mixed Platforms.ActiveCfg = Debug|Any CPU
		{D330BE74-E61D-402A-A043-754621439EED}.Debug|Mixed Platforms.Build.0 = Debug|Any CPU
		{D330BE74-E61D-402A-A043-754621439EED}.Debug|x86.ActiveCfg = Debug|Any CPU
		{D330BE74-E61D-402A-A043-754621439EED}.Release|Any CPU.ActiveCfg = Release|Any CPU
		{D330BE74-E61D-402A-A043-754621439EED}.Release|Any CPU.Build.0 = Release|Any CPU
		{D330BE74-E61D-402A-A043-754621439EED}.Release|Mixed Platforms.ActiveCfg = Release|Any CPU
		{D330BE74-E61D-402A-A043-754621439EED}.Release|Mixed Platforms.Build.0 = Release|Any CPU
		{D330BE74-E61D-402A-A043-754621439EED}.Release|x86.ActiveCfg = Release|Any CPU
		{D330BE74-E61D-402A-A043-754621439EED}.TestWF|Any CPU.ActiveCfg = Release|Any CPU
		{D330BE74-E61D-402A-A043-754621439EED}.TestWF|Any CPU.Build.0 = Release|Any CPU
		{D330BE74-E61D-402A-A043-754621439EED}.TestWF|Mixed Platforms.ActiveCfg = Release|Any CPU
		{D330BE74-E61D-402A-A043-754621439EED}.TestWF|Mixed Platforms.Build.0 = Release|Any CPU
		{D330BE74-E61D-402A-A043-754621439EED}.TestWF|x86.ActiveCfg = Release|Any CPU
		{E8A4476B-F34E-4F50-B405-B1F472EA592A}.Debug|Any CPU.ActiveCfg = Debug|Any CPU
		{E8A4476B-F34E-4F50-B405-B1F472EA592A}.Debug|Any CPU.Build.0 = Debug|Any CPU
		{E8A4476B-F34E-4F50-B405-B1F472EA592A}.Debug|Mixed Platforms.ActiveCfg = Debug|Any CPU
		{E8A4476B-F34E-4F50-B405-B1F472EA592A}.Debug|Mixed Platforms.Build.0 = Debug|Any CPU
		{E8A4476B-F34E-4F50-B405-B1F472EA592A}.Debug|x86.ActiveCfg = Debug|Any CPU
		{E8A4476B-F34E-4F50-B405-B1F472EA592A}.Release|Any CPU.ActiveCfg = Release|Any CPU
		{E8A4476B-F34E-4F50-B405-B1F472EA592A}.Release|Any CPU.Build.0 = Release|Any CPU
		{E8A4476B-F34E-4F50-B405-B1F472EA592A}.Release|Mixed Platforms.ActiveCfg = Release|Any CPU
		{E8A4476B-F34E-4F50-B405-B1F472EA592A}.Release|Mixed Platforms.Build.0 = Release|Any CPU
		{E8A4476B-F34E-4F50-B405-B1F472EA592A}.Release|x86.ActiveCfg = Release|Any CPU
		{E8A4476B-F34E-4F50-B405-B1F472EA592A}.TestWF|Any CPU.ActiveCfg = Release|Any CPU
		{E8A4476B-F34E-4F50-B405-B1F472EA592A}.TestWF|Any CPU.Build.0 = Release|Any CPU
		{E8A4476B-F34E-4F50-B405-B1F472EA592A}.TestWF|Mixed Platforms.ActiveCfg = Release|Any CPU
		{E8A4476B-F34E-4F50-B405-B1F472EA592A}.TestWF|Mixed Platforms.Build.0 = Release|Any CPU
		{E8A4476B-F34E-4F50-B405-B1F472EA592A}.TestWF|x86.ActiveCfg = Release|Any CPU
		{4CA0BF24-8318-45C0-A47A-0885BB6F74B0}.Debug|Any CPU.ActiveCfg = Debug|Any CPU
		{4CA0BF24-8318-45C0-A47A-0885BB6F74B0}.Debug|Any CPU.Build.0 = Debug|Any CPU
		{4CA0BF24-8318-45C0-A47A-0885BB6F74B0}.Debug|Mixed Platforms.ActiveCfg = Debug|Any CPU
		{4CA0BF24-8318-45C0-A47A-0885BB6F74B0}.Debug|Mixed Platforms.Build.0 = Debug|Any CPU
		{4CA0BF24-8318-45C0-A47A-0885BB6F74B0}.Debug|x86.ActiveCfg = Debug|Any CPU
		{4CA0BF24-8318-45C0-A47A-0885BB6F74B0}.Release|Any CPU.ActiveCfg = Release|Any CPU
		{4CA0BF24-8318-45C0-A47A-0885BB6F74B0}.Release|Any CPU.Build.0 = Release|Any CPU
		{4CA0BF24-8318-45C0-A47A-0885BB6F74B0}.Release|Mixed Platforms.ActiveCfg = Release|Any CPU
		{4CA0BF24-8318-45C0-A47A-0885BB6F74B0}.Release|Mixed Platforms.Build.0 = Release|Any CPU
		{4CA0BF24-8318-45C0-A47A-0885BB6F74B0}.Release|x86.ActiveCfg = Release|Any CPU
		{4CA0BF24-8318-45C0-A47A-0885BB6F74B0}.TestWF|Any CPU.ActiveCfg = Release|Any CPU
		{4CA0BF24-8318-45C0-A47A-0885BB6F74B0}.TestWF|Any CPU.Build.0 = Release|Any CPU
		{4CA0BF24-8318-45C0-A47A-0885BB6F74B0}.TestWF|Mixed Platforms.ActiveCfg = Release|Any CPU
		{4CA0BF24-8318-45C0-A47A-0885BB6F74B0}.TestWF|Mixed Platforms.Build.0 = Release|Any CPU
		{4CA0BF24-8318-45C0-A47A-0885BB6F74B0}.TestWF|x86.ActiveCfg = Release|Any CPU
		{22F158C2-4442-4456-BBC5-0FFE52DDC355}.Debug|Any CPU.ActiveCfg = Debug|Any CPU
		{22F158C2-4442-4456-BBC5-0FFE52DDC355}.Debug|Any CPU.Build.0 = Debug|Any CPU
		{22F158C2-4442-4456-BBC5-0FFE52DDC355}.Debug|Mixed Platforms.ActiveCfg = Debug|Any CPU
		{22F158C2-4442-4456-BBC5-0FFE52DDC355}.Debug|Mixed Platforms.Build.0 = Debug|Any CPU
		{22F158C2-4442-4456-BBC5-0FFE52DDC355}.Debug|x86.ActiveCfg = Debug|Any CPU
		{22F158C2-4442-4456-BBC5-0FFE52DDC355}.Release|Any CPU.ActiveCfg = Release|Any CPU
		{22F158C2-4442-4456-BBC5-0FFE52DDC355}.Release|Any CPU.Build.0 = Release|Any CPU
		{22F158C2-4442-4456-BBC5-0FFE52DDC355}.Release|Mixed Platforms.ActiveCfg = Release|Any CPU
		{22F158C2-4442-4456-BBC5-0FFE52DDC355}.Release|Mixed Platforms.Build.0 = Release|Any CPU
		{22F158C2-4442-4456-BBC5-0FFE52DDC355}.Release|x86.ActiveCfg = Release|Any CPU
		{22F158C2-4442-4456-BBC5-0FFE52DDC355}.TestWF|Any CPU.ActiveCfg = Release|Any CPU
		{22F158C2-4442-4456-BBC5-0FFE52DDC355}.TestWF|Any CPU.Build.0 = Release|Any CPU
		{22F158C2-4442-4456-BBC5-0FFE52DDC355}.TestWF|Mixed Platforms.ActiveCfg = Release|Any CPU
		{22F158C2-4442-4456-BBC5-0FFE52DDC355}.TestWF|Mixed Platforms.Build.0 = Release|Any CPU
		{22F158C2-4442-4456-BBC5-0FFE52DDC355}.TestWF|x86.ActiveCfg = Release|Any CPU
		{13A28FA1-1FAD-44AD-B27B-907206072C7D}.Debug|Any CPU.ActiveCfg = Debug|Any CPU
		{13A28FA1-1FAD-44AD-B27B-907206072C7D}.Debug|Any CPU.Build.0 = Debug|Any CPU
		{13A28FA1-1FAD-44AD-B27B-907206072C7D}.Debug|Mixed Platforms.ActiveCfg = Debug|Any CPU
		{13A28FA1-1FAD-44AD-B27B-907206072C7D}.Debug|Mixed Platforms.Build.0 = Debug|Any CPU
		{13A28FA1-1FAD-44AD-B27B-907206072C7D}.Debug|x86.ActiveCfg = Debug|x86
		{13A28FA1-1FAD-44AD-B27B-907206072C7D}.Debug|x86.Build.0 = Debug|x86
		{13A28FA1-1FAD-44AD-B27B-907206072C7D}.Release|Any CPU.ActiveCfg = Release|Any CPU
		{13A28FA1-1FAD-44AD-B27B-907206072C7D}.Release|Any CPU.Build.0 = Release|Any CPU
		{13A28FA1-1FAD-44AD-B27B-907206072C7D}.Release|Mixed Platforms.ActiveCfg = Release|Any CPU
		{13A28FA1-1FAD-44AD-B27B-907206072C7D}.Release|Mixed Platforms.Build.0 = Release|Any CPU
		{13A28FA1-1FAD-44AD-B27B-907206072C7D}.Release|x86.ActiveCfg = Release|x86
		{13A28FA1-1FAD-44AD-B27B-907206072C7D}.Release|x86.Build.0 = Release|x86
		{13A28FA1-1FAD-44AD-B27B-907206072C7D}.TestWF|Any CPU.ActiveCfg = Release|Any CPU
		{13A28FA1-1FAD-44AD-B27B-907206072C7D}.TestWF|Any CPU.Build.0 = Release|Any CPU
		{13A28FA1-1FAD-44AD-B27B-907206072C7D}.TestWF|Mixed Platforms.ActiveCfg = Release|Any CPU
		{13A28FA1-1FAD-44AD-B27B-907206072C7D}.TestWF|Mixed Platforms.Build.0 = Release|Any CPU
		{13A28FA1-1FAD-44AD-B27B-907206072C7D}.TestWF|x86.ActiveCfg = Release|Any CPU
		{49EF1BD4-29B8-420D-8ABD-8B530FBCCD72}.Debug|Any CPU.ActiveCfg = Debug|Any CPU
		{49EF1BD4-29B8-420D-8ABD-8B530FBCCD72}.Debug|Any CPU.Build.0 = Debug|Any CPU
		{49EF1BD4-29B8-420D-8ABD-8B530FBCCD72}.Debug|Mixed Platforms.ActiveCfg = Debug|x86
		{49EF1BD4-29B8-420D-8ABD-8B530FBCCD72}.Debug|Mixed Platforms.Build.0 = Debug|x86
		{49EF1BD4-29B8-420D-8ABD-8B530FBCCD72}.Debug|x86.ActiveCfg = Debug|x86
		{49EF1BD4-29B8-420D-8ABD-8B530FBCCD72}.Debug|x86.Build.0 = Debug|x86
		{49EF1BD4-29B8-420D-8ABD-8B530FBCCD72}.Release|Any CPU.ActiveCfg = Release|Any CPU
		{49EF1BD4-29B8-420D-8ABD-8B530FBCCD72}.Release|Any CPU.Build.0 = Release|Any CPU
		{49EF1BD4-29B8-420D-8ABD-8B530FBCCD72}.Release|Mixed Platforms.ActiveCfg = Release|x86
		{49EF1BD4-29B8-420D-8ABD-8B530FBCCD72}.Release|Mixed Platforms.Build.0 = Release|x86
		{49EF1BD4-29B8-420D-8ABD-8B530FBCCD72}.Release|x86.ActiveCfg = Release|x86
		{49EF1BD4-29B8-420D-8ABD-8B530FBCCD72}.Release|x86.Build.0 = Release|x86
		{49EF1BD4-29B8-420D-8ABD-8B530FBCCD72}.TestWF|Any CPU.ActiveCfg = Release|x86
		{49EF1BD4-29B8-420D-8ABD-8B530FBCCD72}.TestWF|Mixed Platforms.ActiveCfg = Release|x86
		{49EF1BD4-29B8-420D-8ABD-8B530FBCCD72}.TestWF|Mixed Platforms.Build.0 = Release|x86
		{49EF1BD4-29B8-420D-8ABD-8B530FBCCD72}.TestWF|x86.ActiveCfg = Release|x86
		{49EF1BD4-29B8-420D-8ABD-8B530FBCCD72}.TestWF|x86.Build.0 = Release|x86
		{E1BA3418-B337-45CE-8940-4C7262B39359}.Debug|Any CPU.ActiveCfg = Debug|Any CPU
		{E1BA3418-B337-45CE-8940-4C7262B39359}.Debug|Any CPU.Build.0 = Debug|Any CPU
		{E1BA3418-B337-45CE-8940-4C7262B39359}.Debug|Mixed Platforms.ActiveCfg = Debug|Any CPU
		{E1BA3418-B337-45CE-8940-4C7262B39359}.Debug|Mixed Platforms.Build.0 = Debug|Any CPU
		{E1BA3418-B337-45CE-8940-4C7262B39359}.Debug|x86.ActiveCfg = Debug|Any CPU
		{E1BA3418-B337-45CE-8940-4C7262B39359}.Release|Any CPU.ActiveCfg = Release|Any CPU
		{E1BA3418-B337-45CE-8940-4C7262B39359}.Release|Any CPU.Build.0 = Release|Any CPU
		{E1BA3418-B337-45CE-8940-4C7262B39359}.Release|Mixed Platforms.ActiveCfg = Release|Any CPU
		{E1BA3418-B337-45CE-8940-4C7262B39359}.Release|Mixed Platforms.Build.0 = Release|Any CPU
		{E1BA3418-B337-45CE-8940-4C7262B39359}.Release|x86.ActiveCfg = Release|Any CPU
		{E1BA3418-B337-45CE-8940-4C7262B39359}.TestWF|Any CPU.ActiveCfg = Release|Any CPU
		{E1BA3418-B337-45CE-8940-4C7262B39359}.TestWF|Any CPU.Build.0 = Release|Any CPU
		{E1BA3418-B337-45CE-8940-4C7262B39359}.TestWF|Mixed Platforms.ActiveCfg = Release|Any CPU
		{E1BA3418-B337-45CE-8940-4C7262B39359}.TestWF|Mixed Platforms.Build.0 = Release|Any CPU
		{E1BA3418-B337-45CE-8940-4C7262B39359}.TestWF|x86.ActiveCfg = Release|Any CPU
	EndGlobalSection
	GlobalSection(SolutionProperties) = preSolution
		HideSolutionNode = FALSE
	EndGlobalSection
EndGlobal
